
Microsoft Visual Studio Solution File, Format Version 12.00
# Visual Studio Version 16
VisualStudioVersion = 16.0.31402.337
MinimumVisualStudioVersion = 10.0.40219.1
Project("{FAE04EC0-301F-11D3-BF4B-00C04F79EFBC}") = "LibraryOOP", "LibraryOOP\LibraryOOP.csproj", "{6AC618E8-E1E2-4F12-92F9-4F5EB5B83C9A}"
EndProject
Global
	GlobalSection(SolutionConfigurationPlatforms) = preSolution
		Debug|Any CPU = Debug|Any CPU
		Release|Any CPU = Release|Any CPU
	EndGlobalSection
	GlobalSection(ProjectConfigurationPlatforms) = postSolution
		{6AC618E8-E1E2-4F12-92F9-4F5EB5B83C9A}.Debug|Any CPU.ActiveCfg = Debug|Any CPU
		{6AC618E8-E1E2-4F12-92F9-4F5EB5B83C9A}.Debug|Any CPU.Build.0 = Debug|Any CPU
		{6AC618E8-E1E2-4F12-92F9-4F5EB5B83C9A}.Release|Any CPU.ActiveCfg = Release|Any CPU
		{6AC618E8-E1E2-4F12-92F9-4F5EB5B83C9A}.Release|Any CPU.Build.0 = Release|Any CPU
	EndGlobalSection
	GlobalSection(SolutionProperties) = preSolution
		HideSolutionNode = FALSE
	EndGlobalSection
	GlobalSection(ExtensibilityGlobals) = postSolution
		SolutionGuid = {627536FF-80F0-4799-B532-B22F6F302974}
	EndGlobalSection
EndGlobal
